// !$*UTF8*$!
{
	archiveVersion = 1;
	classes = {
	};
	objectVersion = 56;
	objects = {

/* Begin PBXBuildFile section */
		BBC2F6BF2BF006F800B4D080 /* MyAIApp.swift in Sources */ = {isa = PBXBuildFile; fileRef = BBC2F6BE2BF006F800B4D080 /* MyAIApp.swift */; };
		BBC2F6C12BF006F800B4D080 /* SignView.swift in Sources */ = {isa = PBXBuildFile; fileRef = BBC2F6C02BF006F800B4D080 /* SignView.swift */; };
		BBC2F6C32BF006FA00B4D080 /* Assets.xcassets in Resources */ = {isa = PBXBuildFile; fileRef = BBC2F6C22BF006FA00B4D080 /* Assets.xcassets */; };
		BBC2F6C62BF006FA00B4D080 /* Preview Assets.xcassets in Resources */ = {isa = PBXBuildFile; fileRef = BBC2F6C52BF006FA00B4D080 /* Preview Assets.xcassets */; };
		BBC2F6CE2BF0072100B4D080 /* OpenAI in Frameworks */ = {isa = PBXBuildFile; productRef = BBC2F6CD2BF0072100B4D080 /* OpenAI */; };
		BBC2F6D12BF0076100B4D080 /* FirebaseAuth in Frameworks */ = {isa = PBXBuildFile; productRef = BBC2F6D02BF0076100B4D080 /* FirebaseAuth */; };
		BBC2F6D32BF0076100B4D080 /* FirebaseFirestore in Frameworks */ = {isa = PBXBuildFile; productRef = BBC2F6D22BF0076100B4D080 /* FirebaseFirestore */; };
		BBC2F6D62BF0081100B4D080 /* DataModel.swift in Sources */ = {isa = PBXBuildFile; fileRef = BBC2F6D52BF0081100B4D080 /* DataModel.swift */; };
		BBC2F6DB2BF0085A00B4D080 /* ViewModel.swift in Sources */ = {isa = PBXBuildFile; fileRef = BBC2F6DA2BF0085A00B4D080 /* ViewModel.swift */; };
		BBC2F6DE2BF008C600B4D080 /* ChatBotView.swift in Sources */ = {isa = PBXBuildFile; fileRef = BBC2F6DD2BF008C600B4D080 /* ChatBotView.swift */; };
		BBC2F6E02BF008E700B4D080 /* Messages.swift in Sources */ = {isa = PBXBuildFile; fileRef = BBC2F6DF2BF008E700B4D080 /* Messages.swift */; };
		BBC2F6E32BF0090C00B4D080 /* BarTitle.swift in Sources */ = {isa = PBXBuildFile; fileRef = BBC2F6E22BF0090C00B4D080 /* BarTitle.swift */; };
		BBC2F6E52BF0092700B4D080 /* MenuView.swift in Sources */ = {isa = PBXBuildFile; fileRef = BBC2F6E42BF0092700B4D080 /* MenuView.swift */; };
		BBC2F6E92BF0106100B4D080 /* GoogleService-Info.plist in Resources */ = {isa = PBXBuildFile; fileRef = BBC2F6E82BF0106100B4D080 /* GoogleService-Info.plist */; };
/* End PBXBuildFile section */

/* Begin PBXFileReference section */
		BBC2F6BB2BF006F800B4D080 /* MyAI.app */ = {isa = PBXFileReference; explicitFileType = wrapper.application; includeInIndex = 0; path = MyAI.app; sourceTree = BUILT_PRODUCTS_DIR; };
		BBC2F6BE2BF006F800B4D080 /* MyAIApp.swift */ = {isa = PBXFileReference; lastKnownFileType = sourcecode.swift; path = MyAIApp.swift; sourceTree = "<group>"; };
		BBC2F6C02BF006F800B4D080 /* SignView.swift */ = {isa = PBXFileReference; lastKnownFileType = sourcecode.swift; path = SignView.swift; sourceTree = "<group>"; };
		BBC2F6C22BF006FA00B4D080 /* Assets.xcassets */ = {isa = PBXFileReference; lastKnownFileType = folder.assetcatalog; path = Assets.xcassets; sourceTree = "<group>"; };
		BBC2F6C52BF006FA00B4D080 /* Preview Assets.xcassets */ = {isa = PBXFileReference; lastKnownFileType = folder.assetcatalog; path = "Preview Assets.xcassets"; sourceTree = "<group>"; };
		BBC2F6D52BF0081100B4D080 /* DataModel.swift */ = {isa = PBXFileReference; lastKnownFileType = sourcecode.swift; path = DataModel.swift; sourceTree = "<group>"; };
		BBC2F6DA2BF0085A00B4D080 /* ViewModel.swift */ = {isa = PBXFileReference; lastKnownFileType = sourcecode.swift; path = ViewModel.swift; sourceTree = "<group>"; };
		BBC2F6DD2BF008C600B4D080 /* ChatBotView.swift */ = {isa = PBXFileReference; lastKnownFileType = sourcecode.swift; path = ChatBotView.swift; sourceTree = "<group>"; };
		BBC2F6DF2BF008E700B4D080 /* Messages.swift */ = {isa = PBXFileReference; lastKnownFileType = sourcecode.swift; path = Messages.swift; sourceTree = "<group>"; };
		BBC2F6E22BF0090C00B4D080 /* BarTitle.swift */ = {isa = PBXFileReference; lastKnownFileType = sourcecode.swift; path = BarTitle.swift; sourceTree = "<group>"; };
		BBC2F6E42BF0092700B4D080 /* MenuView.swift */ = {isa = PBXFileReference; lastKnownFileType = sourcecode.swift; path = MenuView.swift; sourceTree = "<group>"; };
		BBC2F6E82BF0106100B4D080 /* GoogleService-Info.plist */ = {isa = PBXFileReference; fileEncoding = 4; lastKnownFileType = text.plist.xml; path = "GoogleService-Info.plist"; sourceTree = "<group>"; };
/* End PBXFileReference section */

/* Begin PBXFrameworksBuildPhase section */
		BBC2F6B82BF006F800B4D080 /* Frameworks */ = {
			isa = PBXFrameworksBuildPhase;
			buildActionMask = 2147483647;
			files = (
				BBC2F6CE2BF0072100B4D080 /* OpenAI in Frameworks */,
				BBC2F6D12BF0076100B4D080 /* FirebaseAuth in Frameworks */,
				BBC2F6D32BF0076100B4D080 /* FirebaseFirestore in Frameworks */,
			);
			runOnlyForDeploymentPostprocessing = 0;
		};
/* End PBXFrameworksBuildPhase section */

/* Begin PBXGroup section */
		BBC2F6B22BF006F800B4D080 = {
			isa = PBXGroup;
			children = (
				BBC2F6BD2BF006F800B4D080 /* MyAI */,
				BBC2F6BC2BF006F800B4D080 /* Products */,
			);
			sourceTree = "<group>";
		};
		BBC2F6BC2BF006F800B4D080 /* Products */ = {
			isa = PBXGroup;
			children = (
				BBC2F6BB2BF006F800B4D080 /* MyAI.app */,
			);
			name = Products;
			sourceTree = "<group>";
		};
		BBC2F6BD2BF006F800B4D080 /* MyAI */ = {
			isa = PBXGroup;
			children = (
				BBC2F6BE2BF006F800B4D080 /* MyAIApp.swift */,
				BBC2F6D42BF007F800B4D080 /* Model */,
				BBC2F6D82BF0083500B4D080 /* ViewModel */,
				BBC2F6D92BF0084000B4D080 /* Views */,
				BBC2F6C02BF006F800B4D080 /* SignView.swift */,
				BBC2F6DC2BF008B600B4D080 /* Chat */,
				BBC2F6E12BF008F700B4D080 /* Other */,
				BBC2F6C22BF006FA00B4D080 /* Assets.xcassets */,
				BBC2F6E82BF0106100B4D080 /* GoogleService-Info.plist */,
				BBC2F6C42BF006FA00B4D080 /* Preview Content */,
			);
			path = MyAI;
			sourceTree = "<group>";
		};
		BBC2F6C42BF006FA00B4D080 /* Preview Content */ = {
			isa = PBXGroup;
			children = (
				BBC2F6C52BF006FA00B4D080 /* Preview Assets.xcassets */,
			);
			path = "Preview Content";
			sourceTree = "<group>";
		};
		BBC2F6D42BF007F800B4D080 /* Model */ = {
			isa = PBXGroup;
			children = (
				BBC2F6D52BF0081100B4D080 /* DataModel.swift */,
			);
			path = Model;
			sourceTree = "<group>";
		};
		BBC2F6D82BF0083500B4D080 /* ViewModel */ = {
			isa = PBXGroup;
			children = (
				BBC2F6DA2BF0085A00B4D080 /* ViewModel.swift */,
			);
			path = ViewModel;
			sourceTree = "<group>";
		};
		BBC2F6D92BF0084000B4D080 /* Views */ = {
			isa = PBXGroup;
			children = (
			);
			path = Views;
			sourceTree = "<group>";
		};
		BBC2F6DC2BF008B600B4D080 /* Chat */ = {
			isa = PBXGroup;
			children = (
				BBC2F6DD2BF008C600B4D080 /* ChatBotView.swift */,
				BBC2F6DF2BF008E700B4D080 /* Messages.swift */,
			);
			path = Chat;
			sourceTree = "<group>";
		};
		BBC2F6E12BF008F700B4D080 /* Other */ = {
			isa = PBXGroup;
			children = (
				BBC2F6E22BF0090C00B4D080 /* BarTitle.swift */,
				BBC2F6E42BF0092700B4D080 /* MenuView.swift */,
			);
			path = Other;
			sourceTree = "<group>";
		};
/* End PBXGroup section */

/* Begin PBXNativeTarget section */
		BBC2F6BA2BF006F800B4D080 /* MyAI */ = {
			isa = PBXNativeTarget;
			buildConfigurationList = BBC2F6C92BF006FA00B4D080 /* Build configuration list for PBXNativeTarget "MyAI" */;
			buildPhases = (
				BBC2F6B72BF006F800B4D080 /* Sources */,
				BBC2F6B82BF006F800B4D080 /* Frameworks */,
				BBC2F6B92BF006F800B4D080 /* Resources */,
			);
			buildRules = (
			);
			dependencies = (
			);
			name = MyAI;
			packageProductDependencies = (
				BBC2F6CD2BF0072100B4D080 /* OpenAI */,
				BBC2F6D02BF0076100B4D080 /* FirebaseAuth */,
				BBC2F6D22BF0076100B4D080 /* FirebaseFirestore */,
			);
			productName = MyAI;
			productReference = BBC2F6BB2BF006F800B4D080 /* MyAI.app */;
			productType = "com.apple.product-type.application";
		};
/* End PBXNativeTarget section */

/* Begin PBXProject section */
		BBC2F6B32BF006F800B4D080 /* Project object */ = {
			isa = PBXProject;
			attributes = {
				BuildIndependentTargetsInParallel = 1;
				LastSwiftUpdateCheck = 1530;
				LastUpgradeCheck = 1530;
				TargetAttributes = {
					BBC2F6BA2BF006F800B4D080 = {
						CreatedOnToolsVersion = 15.3;
					};
				};
			};
			buildConfigurationList = BBC2F6B62BF006F800B4D080 /* Build configuration list for PBXProject "MyAI" */;
			compatibilityVersion = "Xcode 14.0";
			developmentRegion = en;
			hasScannedForEncodings = 0;
			knownRegions = (
				en,
				Base,
			);
			mainGroup = BBC2F6B22BF006F800B4D080;
			packageReferences = (
				BBC2F6CC2BF0072100B4D080 /* XCRemoteSwiftPackageReference "OpenAI" */,
				BBC2F6CF2BF0076100B4D080 /* XCRemoteSwiftPackageReference "firebase-ios-sdk" */,
			);
			productRefGroup = BBC2F6BC2BF006F800B4D080 /* Products */;
			projectDirPath = "";
			projectRoot = "";
			targets = (
				BBC2F6BA2BF006F800B4D080 /* MyAI */,
			);
		};
/* End PBXProject section */

/* Begin PBXResourcesBuildPhase section */
		BBC2F6B92BF006F800B4D080 /* Resources */ = {
			isa = PBXResourcesBuildPhase;
			buildActionMask = 2147483647;
			files = (
				BBC2F6C62BF006FA00B4D080 /* Preview Assets.xcassets in Resources */,
				BBC2F6C32BF006FA00B4D080 /* Assets.xcassets in Resources */,
				BBC2F6E92BF0106100B4D080 /* GoogleService-Info.plist in Resources */,
			);
			runOnlyForDeploymentPostprocessing = 0;
		};
/* End PBXResourcesBuildPhase section */

/* Begin PBXSourcesBuildPhase section */
		BBC2F6B72BF006F800B4D080 /* Sources */ = {
			isa = PBXSourcesBuildPhase;
			buildActionMask = 2147483647;
			files = (
				BBC2F6C12BF006F800B4D080 /* SignView.swift in Sources */,
				BBC2F6E52BF0092700B4D080 /* MenuView.swift in Sources */,
				BBC2F6E02BF008E700B4D080 /* Messages.swift in Sources */,
				BBC2F6DE2BF008C600B4D080 /* ChatBotView.swift in Sources */,
				BBC2F6E32BF0090C00B4D080 /* BarTitle.swift in Sources */,
				BBC2F6BF2BF006F800B4D080 /* MyAIApp.swift in Sources */,
				BBC2F6DB2BF0085A00B4D080 /* ViewModel.swift in Sources */,
				BBC2F6D62BF0081100B4D080 /* DataModel.swift in Sources */,
			);
			runOnlyForDeploymentPostprocessing = 0;
		};
/* End PBXSourcesBuildPhase section */

/* Begin XCBuildConfiguration section */
		BBC2F6C72BF006FA00B4D080 /* Debug */ = {
			isa = XCBuildConfiguration;
			buildSettings = {
				ALWAYS_SEARCH_USER_PATHS = NO;
				ASSETCATALOG_COMPILER_GENERATE_SWIFT_ASSET_SYMBOL_EXTENSIONS = YES;
				CLANG_ANALYZER_NONNULL = YES;
				CLANG_ANALYZER_NUMBER_OBJECT_CONVERSION = YES_AGGRESSIVE;
				CLANG_CXX_LANGUAGE_STANDARD = "gnu++20";
				CLANG_ENABLE_MODULES = YES;
				CLANG_ENABLE_OBJC_ARC = YES;
				CLANG_ENABLE_OBJC_WEAK = YES;
				CLANG_WARN_BLOCK_CAPTURE_AUTORELEASING = YES;
				CLANG_WARN_BOOL_CONVERSION = YES;
				CLANG_WARN_COMMA = YES;
				CLANG_WARN_CONSTANT_CONVERSION = YES;
				CLANG_WARN_DEPRECATED_OBJC_IMPLEMENTATIONS = YES;
				CLANG_WARN_DIRECT_OBJC_ISA_USAGE = YES_ERROR;
				CLANG_WARN_DOCUMENTATION_COMMENTS = YES;
				CLANG_WARN_EMPTY_BODY = YES;
				CLANG_WARN_ENUM_CONVERSION = YES;
				CLANG_WARN_INFINITE_RECURSION = YES;
				CLANG_WARN_INT_CONVERSION = YES;
				CLANG_WARN_NON_LITERAL_NULL_CONVERSION = YES;
				CLANG_WARN_OBJC_IMPLICIT_RETAIN_SELF = YES;
				CLANG_WARN_OBJC_LITERAL_CONVERSION = YES;
				CLANG_WARN_OBJC_ROOT_CLASS = YES_ERROR;
				CLANG_WARN_QUOTED_INCLUDE_IN_FRAMEWORK_HEADER = YES;
				CLANG_WARN_RANGE_LOOP_ANALYSIS = YES;
				CLANG_WARN_STRICT_PROTOTYPES = YES;
				CLANG_WARN_SUSPICIOUS_MOVE = YES;
				CLANG_WARN_UNGUARDED_AVAILABILITY = YES_AGGRESSIVE;
				CLANG_WARN_UNREACHABLE_CODE = YES;
				CLANG_WARN__DUPLICATE_METHOD_MATCH = YES;
				COPY_PHASE_STRIP = NO;
				DEBUG_INFORMATION_FORMAT = dwarf;
				ENABLE_STRICT_OBJC_MSGSEND = YES;
				ENABLE_TESTABILITY = YES;
				ENABLE_USER_SCRIPT_SANDBOXING = YES;
				GCC_C_LANGUAGE_STANDARD = gnu17;
				GCC_DYNAMIC_NO_PIC = NO;
				GCC_NO_COMMON_BLOCKS = YES;
				GCC_OPTIMIZATION_LEVEL = 0;
				GCC_PREPROCESSOR_DEFINITIONS = (
					"DEBUG=1",
					"$(inherited)",
				);
				GCC_WARN_64_TO_32_BIT_CONVERSION = YES;
				GCC_WARN_ABOUT_RETURN_TYPE = YES_ERROR;
				GCC_WARN_UNDECLARED_SELECTOR = YES;
				GCC_WARN_UNINITIALIZED_AUTOS = YES_AGGRESSIVE;
				GCC_WARN_UNUSED_FUNCTION = YES;
				GCC_WARN_UNUSED_VARIABLE = YES;
				IPHONEOS_DEPLOYMENT_TARGET = 16.0;
				LOCALIZATION_PREFERS_STRING_CATALOGS = YES;
				MTL_ENABLE_DEBUG_INFO = INCLUDE_SOURCE;
				MTL_FAST_MATH = YES;
				ONLY_ACTIVE_ARCH = YES;
				SDKROOT = iphoneos;
				SWIFT_ACTIVE_COMPILATION_CONDITIONS = "DEBUG $(inherited)";
				SWIFT_OPTIMIZATION_LEVEL = "-Onone";
			};
			name = Debug;
		};
		BBC2F6C82BF006FA00B4D080 /* Release */ = {
			isa = XCBuildConfiguration;
			buildSettings = {
				ALWAYS_SEARCH_USER_PATHS = NO;
				ASSETCATALOG_COMPILER_GENERATE_SWIFT_ASSET_SYMBOL_EXTENSIONS = YES;
				CLANG_ANALYZER_NONNULL = YES;
				CLANG_ANALYZER_NUMBER_OBJECT_CONVERSION = YES_AGGRESSIVE;
				CLANG_CXX_LANGUAGE_STANDARD = "gnu++20";
				CLANG_ENABLE_MODULES = YES;
				CLANG_ENABLE_OBJC_ARC = YES;
				CLANG_ENABLE_OBJC_WEAK = YES;
				CLANG_WARN_BLOCK_CAPTURE_AUTORELEASING = YES;
				CLANG_WARN_BOOL_CONVERSION = YES;
				CLANG_WARN_COMMA = YES;
				CLANG_WARN_CONSTANT_CONVERSION = YES;
				CLANG_WARN_DEPRECATED_OBJC_IMPLEMENTATIONS = YES;
				CLANG_WARN_DIRECT_OBJC_ISA_USAGE = YES_ERROR;
				CLANG_WARN_DOCUMENTATION_COMMENTS = YES;
				CLANG_WARN_EMPTY_BODY = YES;
				CLANG_WARN_ENUM_CONVERSION = YES;
				CLANG_WARN_INFINITE_RECURSION = YES;
				CLANG_WARN_INT_CONVERSION = YES;
				CLANG_WARN_NON_LITERAL_NULL_CONVERSION = YES;
				CLANG_WARN_OBJC_IMPLICIT_RETAIN_SELF = YES;
				CLANG_WARN_OBJC_LITERAL_CONVERSION = YES;
				CLANG_WARN_OBJC_ROOT_CLASS = YES_ERROR;
				CLANG_WARN_QUOTED_INCLUDE_IN_FRAMEWORK_HEADER = YES;
				CLANG_WARN_RANGE_LOOP_ANALYSIS = YES;
				CLANG_WARN_STRICT_PROTOTYPES = YES;
				CLANG_WARN_SUSPICIOUS_MOVE = YES;
				CLANG_WARN_UNGUARDED_AVAILABILITY = YES_AGGRESSIVE;
				CLANG_WARN_UNREACHABLE_CODE = YES;
				CLANG_WARN__DUPLICATE_METHOD_MATCH = YES;
				COPY_PHASE_STRIP = NO;
				DEBUG_INFORMATION_FORMAT = "dwarf-with-dsym";
				ENABLE_NS_ASSERTIONS = NO;
				ENABLE_STRICT_OBJC_MSGSEND = YES;
				ENABLE_USER_SCRIPT_SANDBOXING = YES;
				GCC_C_LANGUAGE_STANDARD = gnu17;
				GCC_NO_COMMON_BLOCKS = YES;
				GCC_WARN_64_TO_32_BIT_CONVERSION = YES;
				GCC_WARN_ABOUT_RETURN_TYPE = YES_ERROR;
				GCC_WARN_UNDECLARED_SELECTOR = YES;
				GCC_WARN_UNINITIALIZED_AUTOS = YES_AGGRESSIVE;
				GCC_WARN_UNUSED_FUNCTION = YES;
				GCC_WARN_UNUSED_VARIABLE = YES;
				IPHONEOS_DEPLOYMENT_TARGET = 16.0;
				LOCALIZATION_PREFERS_STRING_CATALOGS = YES;
				MTL_ENABLE_DEBUG_INFO = NO;
				MTL_FAST_MATH = YES;
				SDKROOT = iphoneos;
				SWIFT_COMPILATION_MODE = wholemodule;
				VALIDATE_PRODUCT = YES;
			};
			name = Release;
		};
		BBC2F6CA2BF006FA00B4D080 /* Debug */ = {
			isa = XCBuildConfiguration;
			buildSettings = {
				ASSETCATALOG_COMPILER_APPICON_NAME = AppIcon;
				ASSETCATALOG_COMPILER_GLOBAL_ACCENT_COLOR_NAME = AccentColor;
				CODE_SIGN_STYLE = Automatic;
				CURRENT_PROJECT_VERSION = 1;
				DEVELOPMENT_ASSET_PATHS = "\"MyAI/Preview Content\"";
				DEVELOPMENT_TEAM = 27JCDAS664;
				ENABLE_PREVIEWS = YES;
				GENERATE_INFOPLIST_FILE = YES;
				INFOPLIST_KEY_CFBundleDisplayName = MyAI;
				INFOPLIST_KEY_NSPhotoLibraryUsageDescription = "Access to your photo library is required to save photos.";
				INFOPLIST_KEY_UIApplicationSceneManifest_Generation = YES;
				INFOPLIST_KEY_UIApplicationSupportsIndirectInputEvents = YES;
				INFOPLIST_KEY_UILaunchScreen_Generation = YES;
				INFOPLIST_KEY_UISupportedInterfaceOrientations_iPad = "UIInterfaceOrientationPortrait UIInterfaceOrientationPortraitUpsideDown UIInterfaceOrientationLandscapeLeft UIInterfaceOrientationLandscapeRight";
				INFOPLIST_KEY_UISupportedInterfaceOrientations_iPhone = "UIInterfaceOrientationPortrait UIInterfaceOrientationLandscapeLeft UIInterfaceOrientationLandscapeRight";
				LD_RUNPATH_SEARCH_PATHS = (
					"$(inherited)",
					"@executable_path/Frameworks",
				);
				MARKETING_VERSION = 1.0;
				PRODUCT_BUNDLE_IDENTIFIER = com.AtakanBasaran.MyAI;
				PRODUCT_NAME = "$(TARGET_NAME)";
				SWIFT_EMIT_LOC_STRINGS = YES;
				SWIFT_VERSION = 5.0;
				TARGETED_DEVICE_FAMILY = "1,2";
			};
			name = Debug;
		};
		BBC2F6CB2BF006FA00B4D080 /* Release */ = {
			isa = XCBuildConfiguration;
			buildSettings = {
				ASSETCATALOG_COMPILER_APPICON_NAME = AppIcon;
				ASSETCATALOG_COMPILER_GLOBAL_ACCENT_COLOR_NAME = AccentColor;
				CODE_SIGN_STYLE = Automatic;
				CURRENT_PROJECT_VERSION = 1;
				DEVELOPMENT_ASSET_PATHS = "\"MyAI/Preview Content\"";
				DEVELOPMENT_TEAM = 27JCDAS664;
				ENABLE_PREVIEWS = YES;
				GENERATE_INFOPLIST_FILE = YES;
				INFOPLIST_KEY_CFBundleDisplayName = MyAI;
				INFOPLIST_KEY_NSPhotoLibraryUsageDescription = "Access to your photo library is required to save photos.";
				INFOPLIST_KEY_UIApplicationSceneManifest_Generation = YES;
				INFOPLIST_KEY_UIApplicationSupportsIndirectInputEvents = YES;
				INFOPLIST_KEY_UILaunchScreen_Generation = YES;
				INFOPLIST_KEY_UISupportedInterfaceOrientations_iPad = "UIInterfaceOrientationPortrait UIInterfaceOrientationPortraitUpsideDown UIInterfaceOrientationLandscapeLeft UIInterfaceOrientationLandscapeRight";
				INFOPLIST_KEY_UISupportedInterfaceOrientations_iPhone = "UIInterfaceOrientationPortrait UIInterfaceOrientationLandscapeLeft UIInterfaceOrientationLandscapeRight";
				LD_RUNPATH_SEARCH_PATHS = (
					"$(inherited)",
					"@executable_path/Frameworks",
				);
				MARKETING_VERSION = 1.0;
				PRODUCT_BUNDLE_IDENTIFIER = com.AtakanBasaran.MyAI;
				PRODUCT_NAME = "$(TARGET_NAME)";
				SWIFT_EMIT_LOC_STRINGS = YES;
				SWIFT_VERSION = 5.0;
				TARGETED_DEVICE_FAMILY = "1,2";
			};
			name = Release;
		};
/* End XCBuildConfiguration section */

/* Begin XCConfigurationList section */
		BBC2F6B62BF006F800B4D080 /* Build configuration list for PBXProject "MyAI" */ = {
			isa = XCConfigurationList;
			buildConfigurations = (
				BBC2F6C72BF006FA00B4D080 /* Debug */,
				BBC2F6C82BF006FA00B4D080 /* Release */,
			);
			defaultConfigurationIsVisible = 0;
			defaultConfigurationName = Release;
		};
		BBC2F6C92BF006FA00B4D080 /* Build configuration list for PBXNativeTarget "MyAI" */ = {
			isa = XCConfigurationList;
			buildConfigurations = (
				BBC2F6CA2BF006FA00B4D080 /* Debug */,
				BBC2F6CB2BF006FA00B4D080 /* Release */,
			);
			defaultConfigurationIsVisible = 0;
			defaultConfigurationName = Release;
		};
/* End XCConfigurationList section */

/* Begin XCRemoteSwiftPackageReference section */
		BBC2F6CC2BF0072100B4D080 /* XCRemoteSwiftPackageReference "OpenAI" */ = {
			isa = XCRemoteSwiftPackageReference;
			repositoryURL = "https://github.com/MacPaw/OpenAI.git";
			requirement = {
				kind = upToNextMajorVersion;
				minimumVersion = 0.2.8;
			};
		};
		BBC2F6CF2BF0076100B4D080 /* XCRemoteSwiftPackageReference "firebase-ios-sdk" */ = {
			isa = XCRemoteSwiftPackageReference;
			repositoryURL = "https://github.com/firebase/firebase-ios-sdk";
			requirement = {
				kind = upToNextMajorVersion;
				minimumVersion = 10.25.0;
			};
		};
/* End XCRemoteSwiftPackageReference section */

/* Begin XCSwiftPackageProductDependency section */
		BBC2F6CD2BF0072100B4D080 /* OpenAI */ = {
			isa = XCSwiftPackageProductDependency;
			package = BBC2F6CC2BF0072100B4D080 /* XCRemoteSwiftPackageReference "OpenAI" */;
			productName = OpenAI;
		};
		BBC2F6D02BF0076100B4D080 /* FirebaseAuth */ = {
			isa = XCSwiftPackageProductDependency;
			package = BBC2F6CF2BF0076100B4D080 /* XCRemoteSwiftPackageReference "firebase-ios-sdk" */;
			productName = FirebaseAuth;
		};
		BBC2F6D22BF0076100B4D080 /* FirebaseFirestore */ = {
			isa = XCSwiftPackageProductDependency;
			package = BBC2F6CF2BF0076100B4D080 /* XCRemoteSwiftPackageReference "firebase-ios-sdk" */;
			productName = FirebaseFirestore;
		};
/* End XCSwiftPackageProductDependency section */
	};
	rootObject = BBC2F6B32BF006F800B4D080 /* Project object */;
}
